
Microsoft Visual Studio Solution File, Format Version 12.00
# Visual Studio Version 16
VisualStudioVersion = 16.0.31424.327
MinimumVisualStudioVersion = 10.0.40219.1
Project("{FAE04EC0-301F-11D3-BF4B-00C04F79EFBC}") = "app", "app\app.csproj", "{A30FFB76-0BB9-4EB1-939C-BBA7542BD0F9}"
EndProject
Project("{F2A71F9B-5D33-465A-A702-920D77279786}") = "calc", "calc\calc.fsproj", "{CFA54F03-CFD1-45F4-AD59-B6EF701ECB82}"
EndProject
Global
	GlobalSection(SolutionConfigurationPlatforms) = preSolution
		Debug|Any CPU = Debug|Any CPU
		Release|Any CPU = Release|Any CPU
	EndGlobalSection
	GlobalSection(ProjectConfigurationPlatforms) = postSolution
		{A30FFB76-0BB9-4EB1-939C-BBA7542BD0F9}.Debug|Any CPU.ActiveCfg = Debug|Any CPU
		{A30FFB76-0BB9-4EB1-939C-BBA7542BD0F9}.Debug|Any CPU.Build.0 = Debug|Any CPU
		{A30FFB76-0BB9-4EB1-939C-BBA7542BD0F9}.Release|Any CPU.ActiveCfg = Release|Any CPU
		{A30FFB76-0BB9-4EB1-939C-BBA7542BD0F9}.Release|Any CPU.Build.0 = Release|Any CPU
		{CFA54F03-CFD1-45F4-AD59-B6EF701ECB82}.Debug|Any CPU.ActiveCfg = Debug|Any CPU
		{CFA54F03-CFD1-45F4-AD59-B6EF701ECB82}.Debug|Any CPU.Build.0 = Debug|Any CPU
		{CFA54F03-CFD1-45F4-AD59-B6EF701ECB82}.Release|Any CPU.ActiveCfg = Release|Any CPU
		{CFA54F03-CFD1-45F4-AD59-B6EF701ECB82}.Release|Any CPU.Build.0 = Release|Any CPU
	EndGlobalSection
	GlobalSection(SolutionProperties) = preSolution
		HideSolutionNode = FALSE
	EndGlobalSection
	GlobalSection(ExtensibilityGlobals) = postSolution
		SolutionGuid = {96B413CD-DA63-459C-BDF7-DCD0E4912DE7}
	EndGlobalSection
EndGlobal
